
Microsoft Visual Studio Solution File, Format Version 12.00
# Visual Studio 14
VisualStudioVersion = 14.0.25420.1
MinimumVisualStudioVersion = 10.0.40219.1
Project("{2150E333-8FDC-42A3-9474-1A3956D46DE8}") = "src", "src", "{F4A7AFB2-E492-406A-9CEF-6C6DB92E4380}"
EndProject
Project("{2150E333-8FDC-42A3-9474-1A3956D46DE8}") = "Solution Items", "Solution Items", "{33190F56-BD24-41F0-AF3C-39ACB185650F}"
	ProjectSection(SolutionItems) = preProject
		global.json = global.json
	EndProjectSection
EndProject
Project("{8BB2217D-0F2D-49D1-97BC-3654ED321F3B}") = "Genoom.Simpsons.Web", "src\Genoom.Simpsons.Web\Genoom.Simpsons.Web.xproj", "{E21F872C-A0AC-46F6-9E57-DBB33603E056}"
EndProject
Project("{8BB2217D-0F2D-49D1-97BC-3654ED321F3B}") = "Genoom.Simpsons.Services", "src\Genoom.Simpsons.Services\Genoom.Simpsons.Services.xproj", "{6EA00AF3-5878-4D5D-A5EB-53E0DCDC0CCB}"
EndProject
Project("{8BB2217D-0F2D-49D1-97BC-3654ED321F3B}") = "Genoom.Simpsons.Model", "src\Genoom.Simpsons.Model\Genoom.Simpsons.Model.xproj", "{14B7C08E-2CCE-44F2-80D0-C84E24751732}"
EndProject
Project("{2150E333-8FDC-42A3-9474-1A3956D46DE8}") = "tests", "tests", "{31F3DBF5-E00F-4C07-B20C-47C2FC6B18C7}"
EndProject
Project("{2150E333-8FDC-42A3-9474-1A3956D46DE8}") = "tests.u", "tests.u", "{94D41AED-D764-4781-8E15-E42B443A6932}"
EndProject
Project("{2150E333-8FDC-42A3-9474-1A3956D46DE8}") = "tests.i", "tests.i", "{7C06FB18-28BD-4B83-8E1C-41A9C28F8ECA}"
EndProject
Project("{2150E333-8FDC-42A3-9474-1A3956D46DE8}") = "doc", "doc", "{C9E1DC4E-484B-4FD3-ADAD-E6C2E3FE095E}"
EndProject
Global
	GlobalSection(SolutionConfigurationPlatforms) = preSolution
		Debug|Any CPU = Debug|Any CPU
		Release|Any CPU = Release|Any CPU
	EndGlobalSection
	GlobalSection(ProjectConfigurationPlatforms) = postSolution
		{E21F872C-A0AC-46F6-9E57-DBB33603E056}.Debug|Any CPU.ActiveCfg = Debug|Any CPU
		{E21F872C-A0AC-46F6-9E57-DBB33603E056}.Debug|Any CPU.Build.0 = Debug|Any CPU
		{E21F872C-A0AC-46F6-9E57-DBB33603E056}.Release|Any CPU.ActiveCfg = Release|Any CPU
		{E21F872C-A0AC-46F6-9E57-DBB33603E056}.Release|Any CPU.Build.0 = Release|Any CPU
		{6EA00AF3-5878-4D5D-A5EB-53E0DCDC0CCB}.Debug|Any CPU.ActiveCfg = Debug|Any CPU
		{6EA00AF3-5878-4D5D-A5EB-53E0DCDC0CCB}.Debug|Any CPU.Build.0 = Debug|Any CPU
		{6EA00AF3-5878-4D5D-A5EB-53E0DCDC0CCB}.Release|Any CPU.ActiveCfg = Release|Any CPU
		{6EA00AF3-5878-4D5D-A5EB-53E0DCDC0CCB}.Release|Any CPU.Build.0 = Release|Any CPU
		{14B7C08E-2CCE-44F2-80D0-C84E24751732}.Debug|Any CPU.ActiveCfg = Debug|Any CPU
		{14B7C08E-2CCE-44F2-80D0-C84E24751732}.Debug|Any CPU.Build.0 = Debug|Any CPU
		{14B7C08E-2CCE-44F2-80D0-C84E24751732}.Release|Any CPU.ActiveCfg = Release|Any CPU
		{14B7C08E-2CCE-44F2-80D0-C84E24751732}.Release|Any CPU.Build.0 = Release|Any CPU
	EndGlobalSection
	GlobalSection(SolutionProperties) = preSolution
		HideSolutionNode = FALSE
	EndGlobalSection
	GlobalSection(NestedProjects) = preSolution
		{E21F872C-A0AC-46F6-9E57-DBB33603E056} = {F4A7AFB2-E492-406A-9CEF-6C6DB92E4380}
		{6EA00AF3-5878-4D5D-A5EB-53E0DCDC0CCB} = {F4A7AFB2-E492-406A-9CEF-6C6DB92E4380}
		{14B7C08E-2CCE-44F2-80D0-C84E24751732} = {F4A7AFB2-E492-406A-9CEF-6C6DB92E4380}
		{94D41AED-D764-4781-8E15-E42B443A6932} = {31F3DBF5-E00F-4C07-B20C-47C2FC6B18C7}
		{7C06FB18-28BD-4B83-8E1C-41A9C28F8ECA} = {31F3DBF5-E00F-4C07-B20C-47C2FC6B18C7}
	EndGlobalSection
EndGlobal
